
Microsoft Visual Studio Solution File, Format Version 12.00
# Visual Studio Version 17
VisualStudioVersion = 17.9.34728.123
MinimumVisualStudioVersion = 10.0.40219.1
Project("{8BC9CEB8-8B4A-11D0-8D11-00A0C91BC942}") = "Program", "Program.vcxproj", "{191DA3FC-A350-4F4C-97D9-7258BA838D85}"
EndProject
Project("{8BC9CEB8-8B4A-11D0-8D11-00A0C91BC942}") = "Class1th (Time Complexity & Space Complexity)", "..\Class1th (Time Complexity & Space Complexity)\Class1th (Time Complexity & Space Complexity).vcxproj", "{57791287-6ACA-4061-898D-D58E6BBE4084}"
EndProject
Project("{8BC9CEB8-8B4A-11D0-8D11-00A0C91BC942}") = "Class2th (Brute Force)", "..\Class2th (Brute Force)\Class2th (Brute Force).vcxproj", "{6BBD4B35-6830-4003-8EE7-BD7C2040C334}"
EndProject
Project("{8BC9CEB8-8B4A-11D0-8D11-00A0C91BC942}") = "Class3th (Bubble Sort)", "..\Class3th (Bubble Sort)\Class3th (Bubble Sort).vcxproj", "{4F63AEEE-A193-4E56-886A-962A64A287A8}"
EndProject
Project("{8BC9CEB8-8B4A-11D0-8D11-00A0C91BC942}") = "Class4th (Select Sort)", "..\Class4th (Select Sort)\Class4th (Select Sort).vcxproj", "{6EAEF913-0838-4234-8CDC-6F66C0C9E479}"
EndProject
Project("{8BC9CEB8-8B4A-11D0-8D11-00A0C91BC942}") = "Class6th (Euclidean)", "..\Class6th (Euclidean)\Class6th (Euclidean).vcxproj", "{DA446D8C-B29D-46E7-B929-CBEB1CD9CD47}"
EndProject
Project("{8BC9CEB8-8B4A-11D0-8D11-00A0C91BC942}") = "Class5th (Insert Sort)", "..\Class5th (Insert Sort)\Class5th (Insert Sort).vcxproj", "{E8CB05D4-82E1-4280-B582-656AE5CB5937}"
EndProject
Project("{8BC9CEB8-8B4A-11D0-8D11-00A0C91BC942}") = "Class 7th (Sieve of Eratosthenes)", "..\Class 7th (Sieve of Eratosthenes)\Class 7th (Sieve of Eratosthenes).vcxproj", "{C3ABC553-31BC-4867-9248-6351D72CECDD}"
EndProject
Global
	GlobalSection(SolutionConfigurationPlatforms) = preSolution
		Debug|Any CPU = Debug|Any CPU
		Debug|x64 = Debug|x64
		Debug|x86 = Debug|x86
		Release|Any CPU = Release|Any CPU
		Release|x64 = Release|x64
		Release|x86 = Release|x86
	EndGlobalSection
	GlobalSection(ProjectConfigurationPlatforms) = postSolution
		{191DA3FC-A350-4F4C-97D9-7258BA838D85}.Debug|Any CPU.ActiveCfg = Debug|x64
		{191DA3FC-A350-4F4C-97D9-7258BA838D85}.Debug|Any CPU.Build.0 = Debug|x64
		{191DA3FC-A350-4F4C-97D9-7258BA838D85}.Debug|x64.ActiveCfg = Debug|x64
		{191DA3FC-A350-4F4C-97D9-7258BA838D85}.Debug|x64.Build.0 = Debug|x64
		{191DA3FC-A350-4F4C-97D9-7258BA838D85}.Debug|x86.ActiveCfg = Debug|Win32
		{191DA3FC-A350-4F4C-97D9-7258BA838D85}.Debug|x86.Build.0 = Debug|Win32
		{191DA3FC-A350-4F4C-97D9-7258BA838D85}.Release|Any CPU.ActiveCfg = Release|x64
		{191DA3FC-A350-4F4C-97D9-7258BA838D85}.Release|Any CPU.Build.0 = Release|x64
		{191DA3FC-A350-4F4C-97D9-7258BA838D85}.Release|x64.ActiveCfg = Release|x64
		{191DA3FC-A350-4F4C-97D9-7258BA838D85}.Release|x64.Build.0 = Release|x64
		{191DA3FC-A350-4F4C-97D9-7258BA838D85}.Release|x86.ActiveCfg = Release|Win32
		{191DA3FC-A350-4F4C-97D9-7258BA838D85}.Release|x86.Build.0 = Release|Win32
		{57791287-6ACA-4061-898D-D58E6BBE4084}.Debug|Any CPU.ActiveCfg = Debug|x64
		{57791287-6ACA-4061-898D-D58E6BBE4084}.Debug|Any CPU.Build.0 = Debug|x64
		{57791287-6ACA-4061-898D-D58E6BBE4084}.Debug|x64.ActiveCfg = Debug|x64
		{57791287-6ACA-4061-898D-D58E6BBE4084}.Debug|x64.Build.0 = Debug|x64
		{57791287-6ACA-4061-898D-D58E6BBE4084}.Debug|x86.ActiveCfg = Debug|Win32
		{57791287-6ACA-4061-898D-D58E6BBE4084}.Debug|x86.Build.0 = Debug|Win32
		{57791287-6ACA-4061-898D-D58E6BBE4084}.Release|Any CPU.ActiveCfg = Release|x64
		{57791287-6ACA-4061-898D-D58E6BBE4084}.Release|Any CPU.Build.0 = Release|x64
		{57791287-6ACA-4061-898D-D58E6BBE4084}.Release|x64.ActiveCfg = Release|x64
		{57791287-6ACA-4061-898D-D58E6BBE4084}.Release|x64.Build.0 = Release|x64
		{57791287-6ACA-4061-898D-D58E6BBE4084}.Release|x86.ActiveCfg = Release|Win32
		{57791287-6ACA-4061-898D-D58E6BBE4084}.Release|x86.Build.0 = Release|Win32
		{6BBD4B35-6830-4003-8EE7-BD7C2040C334}.Debug|Any CPU.ActiveCfg = Debug|x64
		{6BBD4B35-6830-4003-8EE7-BD7C2040C334}.Debug|Any CPU.Build.0 = Debug|x64
		{6BBD4B35-6830-4003-8EE7-BD7C2040C334}.Debug|x64.ActiveCfg = Debug|x64
		{6BBD4B35-6830-4003-8EE7-BD7C2040C334}.Debug|x64.Build.0 = Debug|x64
		{6BBD4B35-6830-4003-8EE7-BD7C2040C334}.Debug|x86.ActiveCfg = Debug|Win32
		{6BBD4B35-6830-4003-8EE7-BD7C2040C334}.Debug|x86.Build.0 = Debug|Win32
		{6BBD4B35-6830-4003-8EE7-BD7C2040C334}.Release|Any CPU.ActiveCfg = Release|x64
		{6BBD4B35-6830-4003-8EE7-BD7C2040C334}.Release|Any CPU.Build.0 = Release|x64
		{6BBD4B35-6830-4003-8EE7-BD7C2040C334}.Release|x64.ActiveCfg = Release|x64
		{6BBD4B35-6830-4003-8EE7-BD7C2040C334}.Release|x64.Build.0 = Release|x64
		{6BBD4B35-6830-4003-8EE7-BD7C2040C334}.Release|x86.ActiveCfg = Release|Win32
		{6BBD4B35-6830-4003-8EE7-BD7C2040C334}.Release|x86.Build.0 = Release|Win32
		{4F63AEEE-A193-4E56-886A-962A64A287A8}.Debug|Any CPU.ActiveCfg = Debug|x64
		{4F63AEEE-A193-4E56-886A-962A64A287A8}.Debug|Any CPU.Build.0 = Debug|x64
		{4F63AEEE-A193-4E56-886A-962A64A287A8}.Debug|x64.ActiveCfg = Debug|x64
		{4F63AEEE-A193-4E56-886A-962A64A287A8}.Debug|x64.Build.0 = Debug|x64
		{4F63AEEE-A193-4E56-886A-962A64A287A8}.Debug|x86.ActiveCfg = Debug|Win32
		{4F63AEEE-A193-4E56-886A-962A64A287A8}.Debug|x86.Build.0 = Debug|Win32
		{4F63AEEE-A193-4E56-886A-962A64A287A8}.Release|Any CPU.ActiveCfg = Release|x64
		{4F63AEEE-A193-4E56-886A-962A64A287A8}.Release|Any CPU.Build.0 = Release|x64
		{4F63AEEE-A193-4E56-886A-962A64A287A8}.Release|x64.ActiveCfg = Release|x64
		{4F63AEEE-A193-4E56-886A-962A64A287A8}.Release|x64.Build.0 = Release|x64
		{4F63AEEE-A193-4E56-886A-962A64A287A8}.Release|x86.ActiveCfg = Release|Win32
		{4F63AEEE-A193-4E56-886A-962A64A287A8}.Release|x86.Build.0 = Release|Win32
		{6EAEF913-0838-4234-8CDC-6F66C0C9E479}.Debug|Any CPU.ActiveCfg = Debug|x64
		{6EAEF913-0838-4234-8CDC-6F66C0C9E479}.Debug|Any CPU.Build.0 = Debug|x64
		{6EAEF913-0838-4234-8CDC-6F66C0C9E479}.Debug|x64.ActiveCfg = Debug|x64
		{6EAEF913-0838-4234-8CDC-6F66C0C9E479}.Debug|x64.Build.0 = Debug|x64
		{6EAEF913-0838-4234-8CDC-6F66C0C9E479}.Debug|x86.ActiveCfg = Debug|Win32
		{6EAEF913-0838-4234-8CDC-6F66C0C9E479}.Debug|x86.Build.0 = Debug|Win32
		{6EAEF913-0838-4234-8CDC-6F66C0C9E479}.Release|Any CPU.ActiveCfg = Release|x64
		{6EAEF913-0838-4234-8CDC-6F66C0C9E479}.Release|Any CPU.Build.0 = Release|x64
		{6EAEF913-0838-4234-8CDC-6F66C0C9E479}.Release|x64.ActiveCfg = Release|x64
		{6EAEF913-0838-4234-8CDC-6F66C0C9E479}.Release|x64.Build.0 = Release|x64
		{6EAEF913-0838-4234-8CDC-6F66C0C9E479}.Release|x86.ActiveCfg = Release|Win32
		{6EAEF913-0838-4234-8CDC-6F66C0C9E479}.Release|x86.Build.0 = Release|Win32
		{DA446D8C-B29D-46E7-B929-CBEB1CD9CD47}.Debug|Any CPU.ActiveCfg = Debug|x64
		{DA446D8C-B29D-46E7-B929-CBEB1CD9CD47}.Debug|Any CPU.Build.0 = Debug|x64
		{DA446D8C-B29D-46E7-B929-CBEB1CD9CD47}.Debug|x64.ActiveCfg = Debug|x64
		{DA446D8C-B29D-46E7-B929-CBEB1CD9CD47}.Debug|x64.Build.0 = Debug|x64
		{DA446D8C-B29D-46E7-B929-CBEB1CD9CD47}.Debug|x86.ActiveCfg = Debug|Win32
		{DA446D8C-B29D-46E7-B929-CBEB1CD9CD47}.Debug|x86.Build.0 = Debug|Win32
		{DA446D8C-B29D-46E7-B929-CBEB1CD9CD47}.Release|Any CPU.ActiveCfg = Release|x64
		{DA446D8C-B29D-46E7-B929-CBEB1CD9CD47}.Release|Any CPU.Build.0 = Release|x64
		{DA446D8C-B29D-46E7-B929-CBEB1CD9CD47}.Release|x64.ActiveCfg = Release|x64
		{DA446D8C-B29D-46E7-B929-CBEB1CD9CD47}.Release|x64.Build.0 = Release|x64
		{DA446D8C-B29D-46E7-B929-CBEB1CD9CD47}.Release|x86.ActiveCfg = Release|Win32
		{DA446D8C-B29D-46E7-B929-CBEB1CD9CD47}.Release|x86.Build.0 = Release|Win32
		{E8CB05D4-82E1-4280-B582-656AE5CB5937}.Debug|Any CPU.ActiveCfg = Debug|x64
		{E8CB05D4-82E1-4280-B582-656AE5CB5937}.Debug|Any CPU.Build.0 = Debug|x64
		{E8CB05D4-82E1-4280-B582-656AE5CB5937}.Debug|x64.ActiveCfg = Debug|x64
		{E8CB05D4-82E1-4280-B582-656AE5CB5937}.Debug|x64.Build.0 = Debug|x64
		{E8CB05D4-82E1-4280-B582-656AE5CB5937}.Debug|x86.ActiveCfg = Debug|Win32
		{E8CB05D4-82E1-4280-B582-656AE5CB5937}.Debug|x86.Build.0 = Debug|Win32
		{E8CB05D4-82E1-4280-B582-656AE5CB5937}.Release|Any CPU.ActiveCfg = Release|x64
		{E8CB05D4-82E1-4280-B582-656AE5CB5937}.Release|Any CPU.Build.0 = Release|x64
		{E8CB05D4-82E1-4280-B582-656AE5CB5937}.Release|x64.ActiveCfg = Release|x64
		{E8CB05D4-82E1-4280-B582-656AE5CB5937}.Release|x64.Build.0 = Release|x64
		{E8CB05D4-82E1-4280-B582-656AE5CB5937}.Release|x86.ActiveCfg = Release|Win32
		{E8CB05D4-82E1-4280-B582-656AE5CB5937}.Release|x86.Build.0 = Release|Win32
		{C3ABC553-31BC-4867-9248-6351D72CECDD}.Debug|Any CPU.ActiveCfg = Debug|x64
		{C3ABC553-31BC-4867-9248-6351D72CECDD}.Debug|Any CPU.Build.0 = Debug|x64
		{C3ABC553-31BC-4867-9248-6351D72CECDD}.Debug|x64.ActiveCfg = Debug|x64
		{C3ABC553-31BC-4867-9248-6351D72CECDD}.Debug|x64.Build.0 = Debug|x64
		{C3ABC553-31BC-4867-9248-6351D72CECDD}.Debug|x86.ActiveCfg = Debug|Win32
		{C3ABC553-31BC-4867-9248-6351D72CECDD}.Debug|x86.Build.0 = Debug|Win32
		{C3ABC553-31BC-4867-9248-6351D72CECDD}.Release|Any CPU.ActiveCfg = Release|x64
		{C3ABC553-31BC-4867-9248-6351D72CECDD}.Release|Any CPU.Build.0 = Release|x64
		{C3ABC553-31BC-4867-9248-6351D72CECDD}.Release|x64.ActiveCfg = Release|x64
		{C3ABC553-31BC-4867-9248-6351D72CECDD}.Release|x64.Build.0 = Release|x64
		{C3ABC553-31BC-4867-9248-6351D72CECDD}.Release|x86.ActiveCfg = Release|Win32
		{C3ABC553-31BC-4867-9248-6351D72CECDD}.Release|x86.Build.0 = Release|Win32
	EndGlobalSection
	GlobalSection(SolutionProperties) = preSolution
		HideSolutionNode = FALSE
	EndGlobalSection
	GlobalSection(ExtensibilityGlobals) = postSolution
		SolutionGuid = {F1471E20-FA19-4A5F-9D68-4D729E7B26DC}
	EndGlobalSection
EndGlobal
